
Microsoft Visual Studio Solution File, Format Version 12.00
# Visual Studio Version 17
VisualStudioVersion = 17.14.36301.6 d17.14
MinimumVisualStudioVersion = 10.0.40219.1
Project("{FAE04EC0-301F-11D3-BF4B-00C04F79EFBC}") = "Chrono", "Chrono.csproj", "{B8B9CC0C-D37C-4140-A10C-B9AEF28F65FC}"
EndProject
Global
	GlobalSection(SolutionConfigurationPlatforms) = preSolution
		Debug|Any CPU = Debug|Any CPU
		Release|Any CPU = Release|Any CPU
	EndGlobalSection
	GlobalSection(ProjectConfigurationPlatforms) = postSolution
		{B8B9CC0C-D37C-4140-A10C-B9AEF28F65FC}.Debug|Any CPU.ActiveCfg = Debug|Any CPU
		{B8B9CC0C-D37C-4140-A10C-B9AEF28F65FC}.Debug|Any CPU.Build.0 = Debug|Any CPU
		{B8B9CC0C-D37C-4140-A10C-B9AEF28F65FC}.Release|Any CPU.ActiveCfg = Release|Any CPU
		{B8B9CC0C-D37C-4140-A10C-B9AEF28F65FC}.Release|Any CPU.Build.0 = Release|Any CPU
	EndGlobalSection
	GlobalSection(SolutionProperties) = preSolution
		HideSolutionNode = FALSE
	EndGlobalSection
	GlobalSection(ExtensibilityGlobals) = postSolution
		SolutionGuid = {D3F23A30-F0AA-4D88-A9E7-83EB89D9AB32}
	EndGlobalSection
EndGlobal
